
Microsoft Visual Studio Solution File, Format Version 12.00
# Visual Studio Version 17
VisualStudioVersion = 17.8.34330.188
MinimumVisualStudioVersion = 10.0.40219.1
Project("{FAE04EC0-301F-11D3-BF4B-00C04F79EFBC}") = "HorseEggs.Core", "HorseEggs.Core\HorseEggs.Core.csproj", "{97EFF958-778C-4EC1-9577-1628AB762B66}"
EndProject
Project("{FAE04EC0-301F-11D3-BF4B-00C04F79EFBC}") = "HorseEggs.Infrastructure", "HorseEggs.Infrastructure\HorseEggs.Infrastructure.csproj", "{8895AEE3-8D49-4968-9C80-59538B72D386}"
EndProject
Project("{FAE04EC0-301F-11D3-BF4B-00C04F79EFBC}") = "HorseEggs.Web", "HorseEggs.Web\HorseEggs.Web.csproj", "{EA55F957-87A6-4F65-BB76-0B44A90196A1}"
EndProject
Global
	GlobalSection(SolutionConfigurationPlatforms) = preSolution
		Debug|Any CPU = Debug|Any CPU
		Release|Any CPU = Release|Any CPU
	EndGlobalSection
	GlobalSection(ProjectConfigurationPlatforms) = postSolution
		{97EFF958-778C-4EC1-9577-1628AB762B66}.Debug|Any CPU.ActiveCfg = Debug|Any CPU
		{97EFF958-778C-4EC1-9577-1628AB762B66}.Debug|Any CPU.Build.0 = Debug|Any CPU
		{97EFF958-778C-4EC1-9577-1628AB762B66}.Release|Any CPU.ActiveCfg = Release|Any CPU
		{97EFF958-778C-4EC1-9577-1628AB762B66}.Release|Any CPU.Build.0 = Release|Any CPU
		{8895AEE3-8D49-4968-9C80-59538B72D386}.Debug|Any CPU.ActiveCfg = Debug|Any CPU
		{8895AEE3-8D49-4968-9C80-59538B72D386}.Debug|Any CPU.Build.0 = Debug|Any CPU
		{8895AEE3-8D49-4968-9C80-59538B72D386}.Release|Any CPU.ActiveCfg = Release|Any CPU
		{8895AEE3-8D49-4968-9C80-59538B72D386}.Release|Any CPU.Build.0 = Release|Any CPU
		{EA55F957-87A6-4F65-BB76-0B44A90196A1}.Debug|Any CPU.ActiveCfg = Debug|Any CPU
		{EA55F957-87A6-4F65-BB76-0B44A90196A1}.Debug|Any CPU.Build.0 = Debug|Any CPU
		{EA55F957-87A6-4F65-BB76-0B44A90196A1}.Release|Any CPU.ActiveCfg = Release|Any CPU
		{EA55F957-87A6-4F65-BB76-0B44A90196A1}.Release|Any CPU.Build.0 = Release|Any CPU
	EndGlobalSection
	GlobalSection(SolutionProperties) = preSolution
		HideSolutionNode = FALSE
	EndGlobalSection
	GlobalSection(ExtensibilityGlobals) = postSolution
		SolutionGuid = {F2698E55-EAD0-4D16-ACC4-1CFB255675C5}
	EndGlobalSection
EndGlobal
